
Microsoft Visual Studio Solution File, Format Version 12.00
# Visual Studio Version 17
VisualStudioVersion = 17.13.35818.85 d17.13
MinimumVisualStudioVersion = 10.0.40219.1
Project("{FAE04EC0-301F-11D3-BF4B-00C04F79EFBC}") = "TesteTecnicoCsharp", "TesteTecnicoCsharp\TesteTecnicoCsharp.csproj", "{3DE0CF1B-6325-406F-822C-70D68D4AB239}"
EndProject
Global
	GlobalSection(SolutionConfigurationPlatforms) = preSolution
		Debug|Any CPU = Debug|Any CPU
		Release|Any CPU = Release|Any CPU
	EndGlobalSection
	GlobalSection(ProjectConfigurationPlatforms) = postSolution
		{3DE0CF1B-6325-406F-822C-70D68D4AB239}.Debug|Any CPU.ActiveCfg = Debug|Any CPU
		{3DE0CF1B-6325-406F-822C-70D68D4AB239}.Debug|Any CPU.Build.0 = Debug|Any CPU
		{3DE0CF1B-6325-406F-822C-70D68D4AB239}.Release|Any CPU.ActiveCfg = Release|Any CPU
		{3DE0CF1B-6325-406F-822C-70D68D4AB239}.Release|Any CPU.Build.0 = Release|Any CPU
	EndGlobalSection
	GlobalSection(SolutionProperties) = preSolution
		HideSolutionNode = FALSE
	EndGlobalSection
	GlobalSection(ExtensibilityGlobals) = postSolution
		SolutionGuid = {B672B389-2E00-407C-BC29-81166611B225}
	EndGlobalSection
EndGlobal
